
Microsoft Visual Studio Solution File, Format Version 12.00
# Visual Studio 2013
VisualStudioVersion = 12.0.31101.0
MinimumVisualStudioVersion = 10.0.40219.1
Project("{2150E333-8FDC-42A3-9474-1A3956D46DE8}") = ".nuget", ".nuget", "{6F8A516F-A457-4D4B-8470-F9212F53ECC3}"
	ProjectSection(SolutionItems) = preProject
		.nuget\NuGet.Config = .nuget\NuGet.Config
		.nuget\NuGet.exe = .nuget\NuGet.exe
		.nuget\NuGet.targets = .nuget\NuGet.targets
	EndProjectSection
EndProject
Project("{2150E333-8FDC-42A3-9474-1A3956D46DE8}") = "WIN81", "WIN81", "{4FAB73F2-3520-4CDD-9B16-929CA8F8FDDA}"
EndProject
Project("{FAE04EC0-301F-11D3-BF4B-00C04F79EFBC}") = "Prism.Fuse", "WIN81\Prism.Fuse\Prism.Fuse.csproj", "{14CC77B6-4E58-4F10-8443-A0C77DC2C07A}"
EndProject
Project("{2150E333-8FDC-42A3-9474-1A3956D46DE8}") = "WPA81", "WPA81", "{B8BC3FA8-5B1B-4176-9176-DD72E6356864}"
EndProject
Project("{FAE04EC0-301F-11D3-BF4B-00C04F79EFBC}") = "Prism.Fuse", "WP81\Prism.Fuse\Prism.Fuse.csproj", "{27EBEE65-A4DD-4A51-BE63-0DAEC0310905}"
EndProject
Project("{2150E333-8FDC-42A3-9474-1A3956D46DE8}") = "Silverlight", "Silverlight", "{1E4E4162-ECE2-4BDB-BD45-9F45049873A0}"
EndProject
Project("{FAE04EC0-301F-11D3-BF4B-00C04F79EFBC}") = "Prism.Fuse", "WP8\Prism.Fuse\Prism.Fuse.csproj", "{D921BB1C-130D-4036-A006-E75AA39295A7}"
EndProject
Project("{FAE04EC0-301F-11D3-BF4B-00C04F79EFBC}") = "Prism.Fuse.Interactivity", "WP8\Prism.Fuse.Interactivity\Prism.Fuse.Interactivity.csproj", "{30BB1808-D045-4994-8893-3ACB18922FD9}"
EndProject
Project("{2150E333-8FDC-42A3-9474-1A3956D46DE8}") = "Solution Items", "Solution Items", "{B2EDB067-9FA8-4B29-9E28-23E4A71C8965}"
	ProjectSection(SolutionItems) = preProject
		TODO.txt = TODO.txt
	EndProjectSection
EndProject
Project("{FAE04EC0-301F-11D3-BF4B-00C04F79EFBC}") = "Prism.Fuse.Interactivity", "WIN81\Prism.Fuse.Interactivity\Prism.Fuse.Interactivity.csproj", "{F12C201E-BA21-4E54-9472-5A431EE79905}"
EndProject
Project("{FAE04EC0-301F-11D3-BF4B-00C04F79EFBC}") = "Prism.Fuse.Interactivity", "WP81\Prism.Fuse.Interactivity\Prism.Fuse.Interactivity.csproj", "{C8D9D363-963F-4F4D-A60F-0439D4B74880}"
EndProject
Global
	GlobalSection(SolutionConfigurationPlatforms) = preSolution
		Debug|Any CPU = Debug|Any CPU
		Debug|ARM = Debug|ARM
		Debug|x64 = Debug|x64
		Debug|x86 = Debug|x86
		Release|Any CPU = Release|Any CPU
		Release|ARM = Release|ARM
		Release|x64 = Release|x64
		Release|x86 = Release|x86
	EndGlobalSection
	GlobalSection(ProjectConfigurationPlatforms) = postSolution
		{14CC77B6-4E58-4F10-8443-A0C77DC2C07A}.Debug|Any CPU.ActiveCfg = Debug|Any CPU
		{14CC77B6-4E58-4F10-8443-A0C77DC2C07A}.Debug|Any CPU.Build.0 = Debug|Any CPU
		{14CC77B6-4E58-4F10-8443-A0C77DC2C07A}.Debug|ARM.ActiveCfg = Debug|ARM
		{14CC77B6-4E58-4F10-8443-A0C77DC2C07A}.Debug|ARM.Build.0 = Debug|ARM
		{14CC77B6-4E58-4F10-8443-A0C77DC2C07A}.Debug|x64.ActiveCfg = Debug|x64
		{14CC77B6-4E58-4F10-8443-A0C77DC2C07A}.Debug|x64.Build.0 = Debug|x64
		{14CC77B6-4E58-4F10-8443-A0C77DC2C07A}.Debug|x86.ActiveCfg = Debug|x86
		{14CC77B6-4E58-4F10-8443-A0C77DC2C07A}.Debug|x86.Build.0 = Debug|x86
		{14CC77B6-4E58-4F10-8443-A0C77DC2C07A}.Release|Any CPU.ActiveCfg = Release|Any CPU
		{14CC77B6-4E58-4F10-8443-A0C77DC2C07A}.Release|Any CPU.Build.0 = Release|Any CPU
		{14CC77B6-4E58-4F10-8443-A0C77DC2C07A}.Release|ARM.ActiveCfg = Release|ARM
		{14CC77B6-4E58-4F10-8443-A0C77DC2C07A}.Release|ARM.Build.0 = Release|ARM
		{14CC77B6-4E58-4F10-8443-A0C77DC2C07A}.Release|x64.ActiveCfg = Release|x64
		{14CC77B6-4E58-4F10-8443-A0C77DC2C07A}.Release|x64.Build.0 = Release|x64
		{14CC77B6-4E58-4F10-8443-A0C77DC2C07A}.Release|x86.ActiveCfg = Release|x86
		{14CC77B6-4E58-4F10-8443-A0C77DC2C07A}.Release|x86.Build.0 = Release|x86
		{27EBEE65-A4DD-4A51-BE63-0DAEC0310905}.Debug|Any CPU.ActiveCfg = Debug|Any CPU
		{27EBEE65-A4DD-4A51-BE63-0DAEC0310905}.Debug|Any CPU.Build.0 = Debug|Any CPU
		{27EBEE65-A4DD-4A51-BE63-0DAEC0310905}.Debug|ARM.ActiveCfg = Debug|ARM
		{27EBEE65-A4DD-4A51-BE63-0DAEC0310905}.Debug|ARM.Build.0 = Debug|ARM
		{27EBEE65-A4DD-4A51-BE63-0DAEC0310905}.Debug|x64.ActiveCfg = Debug|Any CPU
		{27EBEE65-A4DD-4A51-BE63-0DAEC0310905}.Debug|x86.ActiveCfg = Debug|x86
		{27EBEE65-A4DD-4A51-BE63-0DAEC0310905}.Debug|x86.Build.0 = Debug|x86
		{27EBEE65-A4DD-4A51-BE63-0DAEC0310905}.Release|Any CPU.ActiveCfg = Release|Any CPU
		{27EBEE65-A4DD-4A51-BE63-0DAEC0310905}.Release|Any CPU.Build.0 = Release|Any CPU
		{27EBEE65-A4DD-4A51-BE63-0DAEC0310905}.Release|ARM.ActiveCfg = Release|ARM
		{27EBEE65-A4DD-4A51-BE63-0DAEC0310905}.Release|ARM.Build.0 = Release|ARM
		{27EBEE65-A4DD-4A51-BE63-0DAEC0310905}.Release|x64.ActiveCfg = Release|Any CPU
		{27EBEE65-A4DD-4A51-BE63-0DAEC0310905}.Release|x86.ActiveCfg = Release|x86
		{27EBEE65-A4DD-4A51-BE63-0DAEC0310905}.Release|x86.Build.0 = Release|x86
		{D921BB1C-130D-4036-A006-E75AA39295A7}.Debug|Any CPU.ActiveCfg = Debug|Any CPU
		{D921BB1C-130D-4036-A006-E75AA39295A7}.Debug|Any CPU.Build.0 = Debug|Any CPU
		{D921BB1C-130D-4036-A006-E75AA39295A7}.Debug|ARM.ActiveCfg = Debug|ARM
		{D921BB1C-130D-4036-A006-E75AA39295A7}.Debug|ARM.Build.0 = Debug|ARM
		{D921BB1C-130D-4036-A006-E75AA39295A7}.Debug|x64.ActiveCfg = Debug|Any CPU
		{D921BB1C-130D-4036-A006-E75AA39295A7}.Debug|x86.ActiveCfg = Debug|x86
		{D921BB1C-130D-4036-A006-E75AA39295A7}.Debug|x86.Build.0 = Debug|x86
		{D921BB1C-130D-4036-A006-E75AA39295A7}.Release|Any CPU.ActiveCfg = Release|Any CPU
		{D921BB1C-130D-4036-A006-E75AA39295A7}.Release|Any CPU.Build.0 = Release|Any CPU
		{D921BB1C-130D-4036-A006-E75AA39295A7}.Release|ARM.ActiveCfg = Release|ARM
		{D921BB1C-130D-4036-A006-E75AA39295A7}.Release|ARM.Build.0 = Release|ARM
		{D921BB1C-130D-4036-A006-E75AA39295A7}.Release|x64.ActiveCfg = Release|Any CPU
		{D921BB1C-130D-4036-A006-E75AA39295A7}.Release|x86.ActiveCfg = Release|x86
		{D921BB1C-130D-4036-A006-E75AA39295A7}.Release|x86.Build.0 = Release|x86
		{30BB1808-D045-4994-8893-3ACB18922FD9}.Debug|Any CPU.ActiveCfg = Debug|Any CPU
		{30BB1808-D045-4994-8893-3ACB18922FD9}.Debug|Any CPU.Build.0 = Debug|Any CPU
		{30BB1808-D045-4994-8893-3ACB18922FD9}.Debug|ARM.ActiveCfg = Debug|ARM
		{30BB1808-D045-4994-8893-3ACB18922FD9}.Debug|ARM.Build.0 = Debug|ARM
		{30BB1808-D045-4994-8893-3ACB18922FD9}.Debug|x64.ActiveCfg = Debug|Any CPU
		{30BB1808-D045-4994-8893-3ACB18922FD9}.Debug|x86.ActiveCfg = Debug|x86
		{30BB1808-D045-4994-8893-3ACB18922FD9}.Debug|x86.Build.0 = Debug|x86
		{30BB1808-D045-4994-8893-3ACB18922FD9}.Release|Any CPU.ActiveCfg = Release|Any CPU
		{30BB1808-D045-4994-8893-3ACB18922FD9}.Release|Any CPU.Build.0 = Release|Any CPU
		{30BB1808-D045-4994-8893-3ACB18922FD9}.Release|ARM.ActiveCfg = Release|ARM
		{30BB1808-D045-4994-8893-3ACB18922FD9}.Release|ARM.Build.0 = Release|ARM
		{30BB1808-D045-4994-8893-3ACB18922FD9}.Release|x64.ActiveCfg = Release|Any CPU
		{30BB1808-D045-4994-8893-3ACB18922FD9}.Release|x86.ActiveCfg = Release|x86
		{30BB1808-D045-4994-8893-3ACB18922FD9}.Release|x86.Build.0 = Release|x86
		{F12C201E-BA21-4E54-9472-5A431EE79905}.Debug|Any CPU.ActiveCfg = Debug|Any CPU
		{F12C201E-BA21-4E54-9472-5A431EE79905}.Debug|Any CPU.Build.0 = Debug|Any CPU
		{F12C201E-BA21-4E54-9472-5A431EE79905}.Debug|ARM.ActiveCfg = Debug|ARM
		{F12C201E-BA21-4E54-9472-5A431EE79905}.Debug|ARM.Build.0 = Debug|ARM
		{F12C201E-BA21-4E54-9472-5A431EE79905}.Debug|x64.ActiveCfg = Debug|x64
		{F12C201E-BA21-4E54-9472-5A431EE79905}.Debug|x64.Build.0 = Debug|x64
		{F12C201E-BA21-4E54-9472-5A431EE79905}.Debug|x86.ActiveCfg = Debug|x86
		{F12C201E-BA21-4E54-9472-5A431EE79905}.Debug|x86.Build.0 = Debug|x86
		{F12C201E-BA21-4E54-9472-5A431EE79905}.Release|Any CPU.ActiveCfg = Release|Any CPU
		{F12C201E-BA21-4E54-9472-5A431EE79905}.Release|Any CPU.Build.0 = Release|Any CPU
		{F12C201E-BA21-4E54-9472-5A431EE79905}.Release|ARM.ActiveCfg = Release|ARM
		{F12C201E-BA21-4E54-9472-5A431EE79905}.Release|ARM.Build.0 = Release|ARM
		{F12C201E-BA21-4E54-9472-5A431EE79905}.Release|x64.ActiveCfg = Release|x64
		{F12C201E-BA21-4E54-9472-5A431EE79905}.Release|x64.Build.0 = Release|x64
		{F12C201E-BA21-4E54-9472-5A431EE79905}.Release|x86.ActiveCfg = Release|x86
		{F12C201E-BA21-4E54-9472-5A431EE79905}.Release|x86.Build.0 = Release|x86
		{C8D9D363-963F-4F4D-A60F-0439D4B74880}.Debug|Any CPU.ActiveCfg = Debug|Any CPU
		{C8D9D363-963F-4F4D-A60F-0439D4B74880}.Debug|Any CPU.Build.0 = Debug|Any CPU
		{C8D9D363-963F-4F4D-A60F-0439D4B74880}.Debug|ARM.ActiveCfg = Debug|ARM
		{C8D9D363-963F-4F4D-A60F-0439D4B74880}.Debug|ARM.Build.0 = Debug|ARM
		{C8D9D363-963F-4F4D-A60F-0439D4B74880}.Debug|x64.ActiveCfg = Debug|Any CPU
		{C8D9D363-963F-4F4D-A60F-0439D4B74880}.Debug|x86.ActiveCfg = Debug|x86
		{C8D9D363-963F-4F4D-A60F-0439D4B74880}.Debug|x86.Build.0 = Debug|x86
		{C8D9D363-963F-4F4D-A60F-0439D4B74880}.Release|Any CPU.ActiveCfg = Release|Any CPU
		{C8D9D363-963F-4F4D-A60F-0439D4B74880}.Release|Any CPU.Build.0 = Release|Any CPU
		{C8D9D363-963F-4F4D-A60F-0439D4B74880}.Release|ARM.ActiveCfg = Release|ARM
		{C8D9D363-963F-4F4D-A60F-0439D4B74880}.Release|ARM.Build.0 = Release|ARM
		{C8D9D363-963F-4F4D-A60F-0439D4B74880}.Release|x64.ActiveCfg = Release|Any CPU
		{C8D9D363-963F-4F4D-A60F-0439D4B74880}.Release|x86.ActiveCfg = Release|x86
		{C8D9D363-963F-4F4D-A60F-0439D4B74880}.Release|x86.Build.0 = Release|x86
	EndGlobalSection
	GlobalSection(SolutionProperties) = preSolution
		HideSolutionNode = FALSE
	EndGlobalSection
	GlobalSection(NestedProjects) = preSolution
		{14CC77B6-4E58-4F10-8443-A0C77DC2C07A} = {4FAB73F2-3520-4CDD-9B16-929CA8F8FDDA}
		{27EBEE65-A4DD-4A51-BE63-0DAEC0310905} = {B8BC3FA8-5B1B-4176-9176-DD72E6356864}
		{D921BB1C-130D-4036-A006-E75AA39295A7} = {1E4E4162-ECE2-4BDB-BD45-9F45049873A0}
		{30BB1808-D045-4994-8893-3ACB18922FD9} = {1E4E4162-ECE2-4BDB-BD45-9F45049873A0}
		{F12C201E-BA21-4E54-9472-5A431EE79905} = {4FAB73F2-3520-4CDD-9B16-929CA8F8FDDA}
		{C8D9D363-963F-4F4D-A60F-0439D4B74880} = {B8BC3FA8-5B1B-4176-9176-DD72E6356864}
	EndGlobalSection
EndGlobal
